
Microsoft Visual Studio Solution File, Format Version 12.00
# Visual Studio Version 16
VisualStudioVersion = 16.0.29215.179
MinimumVisualStudioVersion = 10.0.40219.1
Project("{FAE04EC0-301F-11D3-BF4B-00C04F79EFBC}") = "ProofOfConceptv2", "ProofOfConceptv2\ProofOfConceptv2.csproj", "{AB25213C-1C0D-43B7-BA9B-4E55A4C9604A}"
EndProject
Global
	GlobalSection(SolutionConfigurationPlatforms) = preSolution
		Debug|Any CPU = Debug|Any CPU
		Release|Any CPU = Release|Any CPU
	EndGlobalSection
	GlobalSection(ProjectConfigurationPlatforms) = postSolution
		{AB25213C-1C0D-43B7-BA9B-4E55A4C9604A}.Debug|Any CPU.ActiveCfg = Debug|Any CPU
		{AB25213C-1C0D-43B7-BA9B-4E55A4C9604A}.Debug|Any CPU.Build.0 = Debug|Any CPU
		{AB25213C-1C0D-43B7-BA9B-4E55A4C9604A}.Release|Any CPU.ActiveCfg = Release|Any CPU
		{AB25213C-1C0D-43B7-BA9B-4E55A4C9604A}.Release|Any CPU.Build.0 = Release|Any CPU
	EndGlobalSection
	GlobalSection(SolutionProperties) = preSolution
		HideSolutionNode = FALSE
	EndGlobalSection
	GlobalSection(ExtensibilityGlobals) = postSolution
		SolutionGuid = {B1D1A691-04D9-4B35-989C-49D5F1CCBAD1}
	EndGlobalSection
EndGlobal
